
Microsoft Visual Studio Solution File, Format Version 12.00
# Visual Studio Version 16
VisualStudioVersion = 16.0.30011.22
MinimumVisualStudioVersion = 10.0.40219.1
Project("{FAE04EC0-301F-11D3-BF4B-00C04F79EFBC}") = "lab-app", "lab-app.csproj", "{20C27E1E-D9C0-4021-99D1-BC66ED25B5E8}"
EndProject
Global
	GlobalSection(SolutionConfigurationPlatforms) = preSolution
		Debug|Any CPU = Debug|Any CPU
		Release|Any CPU = Release|Any CPU
	EndGlobalSection
	GlobalSection(ProjectConfigurationPlatforms) = postSolution
		{20C27E1E-D9C0-4021-99D1-BC66ED25B5E8}.Debug|Any CPU.ActiveCfg = Debug|Any CPU
		{20C27E1E-D9C0-4021-99D1-BC66ED25B5E8}.Debug|Any CPU.Build.0 = Debug|Any CPU
		{20C27E1E-D9C0-4021-99D1-BC66ED25B5E8}.Release|Any CPU.ActiveCfg = Release|Any CPU
		{20C27E1E-D9C0-4021-99D1-BC66ED25B5E8}.Release|Any CPU.Build.0 = Release|Any CPU
	EndGlobalSection
	GlobalSection(SolutionProperties) = preSolution
		HideSolutionNode = FALSE
	EndGlobalSection
	GlobalSection(ExtensibilityGlobals) = postSolution
		SolutionGuid = {C11A74CF-283B-4992-9C2B-DC6FE0417125}
	EndGlobalSection
EndGlobal
